
Microsoft Visual Studio Solution File, Format Version 12.00
# Visual Studio Version 16
VisualStudioVersion = 16.0.29926.136
MinimumVisualStudioVersion = 10.0.40219.1
Project("{FAE04EC0-301F-11D3-BF4B-00C04F79EFBC}") = "RadarTimingsTester", "RadarTimingsTester\RadarTimingsTester.csproj", "{D733A756-5346-4B34-BA3D-3E004F93C1DC}"
EndProject
Global
	GlobalSection(SolutionConfigurationPlatforms) = preSolution
		Debug|Any CPU = Debug|Any CPU
		Release|Any CPU = Release|Any CPU
	EndGlobalSection
	GlobalSection(ProjectConfigurationPlatforms) = postSolution
		{D733A756-5346-4B34-BA3D-3E004F93C1DC}.Debug|Any CPU.ActiveCfg = Debug|Any CPU
		{D733A756-5346-4B34-BA3D-3E004F93C1DC}.Debug|Any CPU.Build.0 = Debug|Any CPU
		{D733A756-5346-4B34-BA3D-3E004F93C1DC}.Release|Any CPU.ActiveCfg = Release|Any CPU
		{D733A756-5346-4B34-BA3D-3E004F93C1DC}.Release|Any CPU.Build.0 = Release|Any CPU
	EndGlobalSection
	GlobalSection(SolutionProperties) = preSolution
		HideSolutionNode = FALSE
	EndGlobalSection
	GlobalSection(ExtensibilityGlobals) = postSolution
		SolutionGuid = {F0BC5F9F-4B98-4C74-AA3A-4A51786841E3}
	EndGlobalSection
EndGlobal
